{
  "name": "q6-semi-perfect-factorization-search-provenance",
  "version": "1.1.0",
  "lockfileVersion": 3,
  "requires": true,
  "packages": {
    "": {
      "name": "q6-semi-perfect-factorization-search-provenance",
      "version": "1.1.0",
      "license": "UNLICENSED",
      "dependencies": {
        "logic-solver": "2.0.1"
      },
      "engines": {
        "node": ">=20"
      }
    },
    "node_modules/logic-solver": {
      "version": "2.0.1",
      "resolved": "https://registry.npmjs.org/logic-solver/-/logic-solver-2.0.1.tgz",
      "integrity": "sha512-F1oCywXUzvAF4Z98mMyXySUCpUU3hNyc+JfYV3g2x/4BupC/xv94iPJuHh9us2XX5UrvY5lnKUXNvjcJNQBJ/g==",
      "license": "MIT",
      "dependencies": {
        "underscore": "^1.7.0"
      }
    },
    "node_modules/underscore": {
      "version": "1.13.8",
      "resolved": "https://registry.npmjs.org/underscore/-/underscore-1.13.8.tgz",
      "integrity": "sha512-DXtD3ZtEQzc7M8m4cXotyHR+FAS18C64asBYY5vqZexfYryNNnDc02W4hKg3rdQuqOYas1jkseX0+nZXjTXnvQ==",
      "license": "MIT"
    }
  }
}
